
Microsoft Visual Studio Solution File, Format Version 12.00
# Visual Studio Version 16
VisualStudioVersion = 16.0.29111.141
MinimumVisualStudioVersion = 10.0.40219.1
Project("{FAE04EC0-301F-11D3-BF4B-00C04F79EFBC}") = "Roulette", "Roulette.csproj", "{CE22E071-2624-449D-9152-5CF6C92C90CA}"
EndProject
Global
	GlobalSection(SolutionConfigurationPlatforms) = preSolution
		Debug|Any CPU = Debug|Any CPU
		Release|Any CPU = Release|Any CPU
	EndGlobalSection
	GlobalSection(ProjectConfigurationPlatforms) = postSolution
		{CE22E071-2624-449D-9152-5CF6C92C90CA}.Debug|Any CPU.ActiveCfg = Debug|Any CPU
		{CE22E071-2624-449D-9152-5CF6C92C90CA}.Debug|Any CPU.Build.0 = Debug|Any CPU
		{CE22E071-2624-449D-9152-5CF6C92C90CA}.Release|Any CPU.ActiveCfg = Release|Any CPU
		{CE22E071-2624-449D-9152-5CF6C92C90CA}.Release|Any CPU.Build.0 = Release|Any CPU
	EndGlobalSection
	GlobalSection(SolutionProperties) = preSolution
		HideSolutionNode = FALSE
	EndGlobalSection
	GlobalSection(ExtensibilityGlobals) = postSolution
		SolutionGuid = {A84885F7-F2FF-4DE5-913D-66A61ED932E4}
	EndGlobalSection
EndGlobal
